version = 1
requires-python = ">=3.8"

[[package]]
name = "colorama"
version = "0.4.6"
source = { registry = "https://pypi.org/simple" }
sdist = { url = "https://files.pythonhosted.org/packages/d8/53/6f443c9a4a8358a93a6792e2acffb9d9d5cb0a5cfd8802644b7b1c9a02e4/colorama-0.4.6.tar.gz", hash = "sha256:08695f5cb7ed6e0531a20572697297273c47b8cae5a63ffc6d6ed5c201be6e44", size = 27697 }
wheels = [
    { url = "https://files.pythonhosted.org/packages/d1/d6/3965ed04c63042e047cb6a3e6ed1a63a35087b6a609aa3a15ed8ac56c221/colorama-0.4.6-py2.py3-none-any.whl", hash = "sha256:4f1d9991f5acc0ca119f9d443620b77f9d6b33703e51011c16baf57afb285fc6", size = 25335 },
]

[[package]]
name = "exceptiongroup"
version = "1.2.2"
source = { registry = "https://pypi.org/simple" }
sdist = { url = "https://files.pythonhosted.org/packages/09/35/2495c4ac46b980e4ca1f6ad6db102322ef3ad2410b79fdde159a4b0f3b92/exceptiongroup-1.2.2.tar.gz", hash = "sha256:47c2edf7c6738fafb49fd34290706d1a1a2f4d1c6df275526b62cbb4aa5393cc", size = 28883 }
wheels = [
    { url = "https://files.pythonhosted.org/packages/02/cc/b7e31358aac6ed1ef2bb790a9746ac2c69bcb3c8588b41616914eb106eaf/exceptiongroup-1.2.2-py3-none-any.whl", hash = "sha256:3111b9d131c238bec2f8f516e123e14ba243563fb135d3fe885990585aa7795b", size = 16453 },
]

[[package]]
name = "iniconfig"
version = "2.0.0"
source = { registry = "https://pypi.org/simple" }
sdist = { url = "https://files.pythonhosted.org/packages/d7/4b/cbd8e699e64a6f16ca3a8220661b5f83792b3017d0f79807cb8708d33913/iniconfig-2.0.0.tar.gz", hash = "sha256:2d91e135bf72d31a410b17c16da610a82cb55f6b0477d1a902134b24a455b8b3", size = 4646 }
wheels = [
    { url = "https://files.pythonhosted.org/packages/ef/a6/62565a6e1cf69e10f5727360368e451d4b7f58beeac6173dc9db836a5b46/iniconfig-2.0.0-py3-none-any.whl", hash = "sha256:b6a85871a79d2e3b22d2d1b94ac2824226a63c6b741c88f7ae975f18b6778374", size = 5892 },
]

[[package]]
name = "packaging"
version = "24.2"
source = { registry = "https://pypi.org/simple" }
sdist = { url = "https://files.pythonhosted.org/packages/d0/63/68dbb6eb2de9cb10ee4c9c14a0148804425e13c4fb20d61cce69f53106da/packaging-24.2.tar.gz", hash = "sha256:c228a6dc5e932d346bc5739379109d49e8853dd8223571c7c5b55260edc0b97f", size = 163950 }
wheels = [
    { url = "https://files.pythonhosted.org/packages/88/ef/eb23f262cca3c0c4eb7ab1933c3b1f03d021f2c48f54763065b6f0e321be/packaging-24.2-py3-none-any.whl", hash = "sha256:09abb1bccd265c01f4a3aa3f7a7db064b36514d2cba19a2f694fe6150451a759", size = 65451 },
]

[[package]]
name = "pluggy"
version = "1.5.0"
source = { registry = "https://pypi.org/simple" }
sdist = { url = "https://files.pythonhosted.org/packages/96/2d/02d4312c973c6050a18b314a5ad0b3210edb65a906f868e31c111dede4a6/pluggy-1.5.0.tar.gz", hash = "sha256:2cffa88e94fdc978c4c574f15f9e59b7f4201d439195c3715ca9e2486f1d0cf1", size = 67955 }
wheels = [
    { url = "https://files.pythonhosted.org/packages/88/5f/e351af9a41f866ac3f1fac4ca0613908d9a41741cfcf2228f4ad853b697d/pluggy-1.5.0-py3-none-any.whl", hash = "sha256:44e1ad92c8ca002de6377e165f3e0f1be63266ab4d554740532335b9d75ea669", size = 20556 },
]

[[package]]
name = "pytest"
version = "8.3.5"
source = { registry = "https://pypi.org/simple" }
dependencies = [
    { name = "colorama", marker = "sys_platform == 'win32'" },
    { name = "exceptiongroup", marker = "python_full_version < '3.11'" },
    { name = "iniconfig" },
    { name = "packaging" },
    { name = "pluggy" },
    { name = "tomli", marker = "python_full_version < '3.11'" },
]
sdist = { url = "https://files.pythonhosted.org/packages/ae/3c/c9d525a414d506893f0cd8a8d0de7706446213181570cdbd766691164e40/pytest-8.3.5.tar.gz", hash = "sha256:f4efe70cc14e511565ac476b57c279e12a855b11f48f212af1080ef2263d3845", size = 1450891 }
wheels = [
    { url = "https://files.pythonhosted.org/packages/30/3d/64ad57c803f1fa1e963a7946b6e0fea4a70df53c1a7fed304586539c2bac/pytest-8.3.5-py3-none-any.whl", hash = "sha256:c69214aa47deac29fad6c2a4f590b9c4a9fdb16a403176fe154b79c0b4d4d820", size = 343634 },
]

[[package]]
name = "selectolax"
version = "0.3.28"
source = { registry = "https://pypi.org/simple" }
sdist = { url = "https://files.pythonhosted.org/packages/57/d8/51e4ae9807753a14817201a151ca195843235d79b355737b7f68257ddcda/selectolax-0.3.28.tar.gz", hash = "sha256:8ae3da97261b57bed51fa9b03c488985f6dcff2e2e44471aa9f5e2c17cc1c45a", size = 4689474 }
wheels = [
    { url = "https://files.pythonhosted.org/packages/8e/d2/5ac1415bbcd37899ca5d54d739046e492f2dac180829e885812678c4589b/selectolax-0.3.28-cp310-cp310-macosx_10_9_universal2.whl", hash = "sha256:c4276e3d60b54d8391e954e600e7058c21e67d010e14bb15171958ddec308f7f", size = 3638248 },
    { url = "https://files.pythonhosted.org/packages/f5/89/f5750a43f4331f231f7e69c682d34e4551ed6318c79c23a6fe44042fcd30/selectolax-0.3.28-cp310-cp310-macosx_10_9_x86_64.whl", hash = "sha256:3ca3da29bcc3b3c66eab78d89d881cbd5a881055421e99e276f11c137b8c3f1d", size = 2084921 },
    { url = "https://files.pythonhosted.org/packages/7f/8d/e262fb0388058702a75daf6a19bf39296550aba8855c45ced112b12f2926/selectolax-0.3.28-cp310-cp310-manylinux_2_17_aarch64.manylinux2014_aarch64.whl", hash = "sha256:4f2cf8577479afbf1a0f7b943d96ab8bbd0cb6f0ab4e99f8646df50fe4cf0e25", size = 5492172 },
    { url = "https://files.pythonhosted.org/packages/7f/d8/e5a7b28138c4bba67019baca78df32acf3d1c24c74b2d651e25286ebf78f/selectolax-0.3.28-cp310-cp310-manylinux_2_17_x86_64.manylinux2014_x86_64.whl", hash = "sha256:ebb22f8b427bd3ad897ce5f2fc6abe94905901554c25a3e87e05f49f02fb080b", size = 5516675 },
    { url = "https://files.pythonhosted.org/packages/c0/db/37bce9c9936da0a20e04fbfef53b3dab33592db15b0761319474151b2917/selectolax-0.3.28-cp310-cp310-manylinux_2_5_i686.manylinux1_i686.manylinux_2_17_i686.manylinux2014_i686.whl", hash = "sha256:bf7882c5023cf63e583e8df65b2b717a1de6d0268803d70b7d544ef5224d6418", size = 5144672 },
    { url = "https://files.pythonhosted.org/packages/cc/3e/8ef3b966f8352114cb04aae07c81206d27cd88f945ba1210ae09ee37e248/selectolax-0.3.28-cp310-cp310-musllinux_1_2_aarch64.whl", hash = "sha256:1ee5deba7ce9dc15e71cfb8e82af29501099730046155df0ea0a57331d26a53e", size = 5401165 },
    { url = "https://files.pythonhosted.org/packages/00/e2/352e583b90b33621e10f03f0e50ec84b067d6208293e4f426bf007c69c28/selectolax-0.3.28-cp310-cp310-musllinux_1_2_i686.whl", hash = "sha256:b0b6d0bfe7987a64aaeba67e06225e0867234e357617a3b432fab8185bbef10b", size = 5135111 },
    { url = "https://files.pythonhosted.org/packages/34/d9/7ac790edf96e033488449e1d433be94984d0c68c868f2c980c0f6f06c402/selectolax-0.3.28-cp310-cp310-musllinux_1_2_x86_64.whl", hash = "sha256:4ab8fa16d923d006c04f6ced13dce81d37d626f7da5e622b10e7a35d4a1d87c9", size = 5470773 },
    { url = "https://files.pythonhosted.org/packages/65/77/f312c4c02659949638b67a8888b4f4f5b7469bbca5e766e747670e322028/selectolax-0.3.28-cp310-cp310-win32.whl", hash = "sha256:03de75db7592d51ec93e8cbb6da8c052da6f26f263c530673ae765bd9d8b2700", size = 1697959 },
    { url = "https://files.pythonhosted.org/packages/95/8f/02b265ada3d3505861365e78193510c0c6871510da61ad559a208208bad9/selectolax-0.3.28-cp310-cp310-win_amd64.whl", hash = "sha256:5206251da0abadbf117a19f68edab5399470c09e50a1aa2864c9222b90f0a14c", size = 1803375 },
    { url = "https://files.pythonhosted.org/packages/9d/26/b3a458cc421967469921885bd90831f59f06706b40fcef832ae5c4ed942f/selectolax-0.3.28-cp311-cp311-macosx_10_9_universal2.whl", hash = "sha256:d1c779748e6ba325af7d2e9f67320e8a66d9ad58213fbf03fcf932cb60de24ed", size = 3642295 },
    { url = "https://files.pythonhosted.org/packages/4e/cc/0f079082a1f844dc95d1d4b35c9b8779e62d621b95c990560dc5c0489acf/selectolax-0.3.28-cp311-cp311-macosx_10_9_x86_64.whl", hash = "sha256:9a9f204eb951746c6c8636971afe7d4a606e9921f2e8484d69b3862128cff9e3", size = 2087893 },
    { url = "https://files.pythonhosted.org/packages/6d/02/9a09fc2773acd5d32e3a3c6b983e63705663902e5c1ff273f4f930842ec7/selectolax-0.3.28-cp311-cp311-manylinux_2_17_aarch64.manylinux2014_aarch64.whl", hash = "sha256:0ba561fa3f9da5ec60af7b4fb248ad38369e40a96b72b5aea8e889c0d426d6d2", size = 5627317 },
    { url = "https://files.pythonhosted.org/packages/31/89/30652e2560de5512a37368818bd8fc807399b923f59bd4daa4dc9712896d/selectolax-0.3.28-cp311-cp311-manylinux_2_17_x86_64.manylinux2014_x86_64.whl", hash = "sha256:1ab46475b4994f215b08fef3f8f9a3eb33b1691c7f71e81ee810a8990af29b4b", size = 5657418 },
    { url = "https://files.pythonhosted.org/packages/bf/a4/6a1ec8df921b8ea9469f9f2cc470b090df4e2aa32df19fefeb97872e8461/selectolax-0.3.28-cp311-cp311-manylinux_2_5_i686.manylinux1_i686.manylinux_2_17_i686.manylinux2014_i686.whl", hash = "sha256:e2e1b7226fd38fad3b968c49aab24a8d6718dd509dfb4c286b81fa6f28f23888", size = 5264271 },
    { url = "https://files.pythonhosted.org/packages/5c/54/6b5916abb3539ef3e4e01e45b09a45c0c819872000779a887f275348db86/selectolax-0.3.28-cp311-cp311-musllinux_1_2_aarch64.whl", hash = "sha256:a20c0ab6441f4d8662054b2a4886520dd038e0faa10a4e6c1d4b4f9069cdf677", size = 5538225 },
    { url = "https://files.pythonhosted.org/packages/9c/2d/5295bf8fdb20ae551c1c40df22dfa2f682c256b346a6b78bb5eaa476fdf6/selectolax-0.3.28-cp311-cp311-musllinux_1_2_i686.whl", hash = "sha256:88ca0cc3d6905955d90a53fadc67d7723243299c0ab782681a020dc97fd18e81", size = 5268626 },
    { url = "https://files.pythonhosted.org/packages/85/56/cbd532f21362b35360f857a65ace84ba91fc52abe8198b90674fb43d45a7/selectolax-0.3.28-cp311-cp311-musllinux_1_2_x86_64.whl", hash = "sha256:f42b3d2f711985ca2116796e8a0534d3fa16d1ccf3dace7ff0f55e63669c4e6e", size = 5602981 },
    { url = "https://files.pythonhosted.org/packages/c7/08/96df0ff01c505ba46da1d695b522638c3d404f72b99cf97178b878199609/selectolax-0.3.28-cp311-cp311-win32.whl", hash = "sha256:d14169d5127e8a301ebf13e35f2e5bcdff6cf6fb4982cead6bc421f9e6f00a0a", size = 1696991 },
    { url = "https://files.pythonhosted.org/packages/2b/c8/ad7ebfb4e2610399773437ac9dc52bb1a4ba6fb49647235485a9a803615a/selectolax-0.3.28-cp311-cp311-win_amd64.whl", hash = "sha256:1924638f0be2839eb2d24d02cae24004a42b18f685fe05e8de6505842e38b416", size = 1803672 },
    { url = "https://files.pythonhosted.org/packages/a6/01/066d66e95f2fd701cc82e397b0c1a14c1baff4952b493f176cad2b5d4e36/selectolax-0.3.28-cp312-cp312-macosx_10_13_universal2.whl", hash = "sha256:51e0741d2600b816747e8ae2a90f1c94ba6aeb8108bb664f5b83d419634547ca", size = 3649336 },
    { url = "https://files.pythonhosted.org/packages/54/15/0fa04218515dfcc63e5603ab33676fb299a6ff72dc34184d519c175839a3/selectolax-0.3.28-cp312-cp312-macosx_10_13_x86_64.whl", hash = "sha256:114408f38434a50c80e3c814cc8a8b6cb8d8f5fc375844c2e4726a64dd980b76", size = 2091163 },
    { url = "https://files.pythonhosted.org/packages/28/5b/ea8633478bd5bcd4509037539e80b7c9ad903520f04031826e85944f1af1/selectolax-0.3.28-cp312-cp312-manylinux_2_17_aarch64.manylinux2014_aarch64.whl", hash = "sha256:a92402ab8c7ca690b945214b47998e6d72653274e27af1f490a7550af36c5db9", size = 5832961 },
    { url = "https://files.pythonhosted.org/packages/a5/80/50426ad65a97d1c1ee43f142845051f2ce72dffc4460006dbcab0126e9e9/selectolax-0.3.28-cp312-cp312-manylinux_2_17_x86_64.manylinux2014_x86_64.whl", hash = "sha256:d1aa5048f1ad9051131a7e4b7f8a48fe6eca9f8f9f6d21a202d43ad27988b4a6", size = 5863715 },
    { url = "https://files.pythonhosted.org/packages/08/86/d24edbb83839f80655f14451433bf43cdb8bdd28c93972ca86cff73e8a08/selectolax-0.3.28-cp312-cp312-manylinux_2_5_i686.manylinux1_i686.manylinux_2_17_i686.manylinux2014_i686.whl", hash = "sha256:1b5cb02375bebc9d182893f01695bd7dacfce81fe509a7905a8bb2beb043895f", size = 5455426 },
    { url = "https://files.pythonhosted.org/packages/18/74/0c26a961fa7c9cd630a10b1f2804ce80cda99d76f32d7ec0be76d0175690/selectolax-0.3.28-cp312-cp312-musllinux_1_2_aarch64.whl", hash = "sha256:2ad0341f1c340b291b083c9ed77234885f77cae8ce415af75f5b6193f835b07a", size = 5680719 },
    { url = "https://files.pythonhosted.org/packages/33/ec/7830540f0933449c94d0ebb531a8bb6724479d6742ee1c7041c92987a2f7/selectolax-0.3.28-cp312-cp312-musllinux_1_2_i686.whl", hash = "sha256:7464945473125f085a015f93591a40d4ad7914a949d5e45241115ef86ebee798", size = 5449555 },
    { url = "https://files.pythonhosted.org/packages/a1/9c/4fba84a1d3e80c26f109cc5906c76585f2c9cb27b23009d7743994fd9ee5/selectolax-0.3.28-cp312-cp312-musllinux_1_2_x86_64.whl", hash = "sha256:bb083a0856dfc4aee3827b3d1380965c3b3914b08e8a6990a33a6ee7a646515a", size = 5775608 },
    { url = "https://files.pythonhosted.org/packages/c5/f3/1bf0d90c240eb89ae59fbe89f38d4f93f64fad0c135b86bcc1489e6768c3/selectolax-0.3.28-cp312-cp312-win32.whl", hash = "sha256:d21518458915178d16e2b0393e4e92767c79858043db488040fa9db3a49757ab", size = 1694578 },
    { url = "https://files.pythonhosted.org/packages/67/f5/3efc33443012a79abb1b0f00bc6465eb351d8ce25990e6aed2bd4b41ec10/selectolax-0.3.28-cp312-cp312-win_amd64.whl", hash = "sha256:003224c0e33a47993805ad03aa38b94dea266a991add812821df59fb86124af1", size = 1800882 },
    { url = "https://files.pythonhosted.org/packages/44/96/bd09f502aae2e5a80e1c9052f5576bcd4665f57d268f3f69373b64bf62f5/selectolax-0.3.28-cp313-cp313-macosx_10_13_universal2.whl", hash = "sha256:5cc8ec7397b4f194593955872a0c42f55c3205b50e865af1fcde7857466c66f1", size = 3645282 },
    { url = "https://files.pythonhosted.org/packages/94/81/2eb7acd025d2d3fb7b2691b812da705858ea56595a6d2c52781292b6b787/selectolax-0.3.28-cp313-cp313-macosx_10_13_x86_64.whl", hash = "sha256:d11670ef92299abf772bac08196af972a805fda9464569df884d95c35c0fec5e", size = 2088337 },
    { url = "https://files.pythonhosted.org/packages/cc/87/0dbea22bef0609cffd2237ef3a3c54d2762edaf880deba04403168cf1b4e/selectolax-0.3.28-cp313-cp313-manylinux_2_17_aarch64.manylinux2014_aarch64.whl", hash = "sha256:f73601e198b71a34d37fc18aa204589b2e907523c223dcc6b9439d3dcb009970", size = 5806389 },
    { url = "https://files.pythonhosted.org/packages/4c/f2/fd103e24319606c6e08c1366ecf3f58d47d47dfcbdfbdb5ed77636e07eb1/selectolax-0.3.28-cp313-cp313-manylinux_2_17_x86_64.manylinux2014_x86_64.whl", hash = "sha256:09bd8876930ce6808e0921b90defde4ed6e85a35823f4f8f5699d5378af3b9ac", size = 5839662 },
    { url = "https://files.pythonhosted.org/packages/4a/78/7695ed01f8aaadfa0912a80f2d6000c2625cabcbaaf9c5d59dea99b997bd/selectolax-0.3.28-cp313-cp313-manylinux_2_5_i686.manylinux1_i686.manylinux_2_17_i686.manylinux2014_i686.whl", hash = "sha256:1fb48b9e2355cf224f4353986853882e2783269b28ad90978054664e3f296c42", size = 5428951 },
    { url = "https://files.pythonhosted.org/packages/92/23/0e6bba051b57e3d0b025cae91eb70986418ab5bf2754c91ce9cb7f5e88ae/selectolax-0.3.28-cp313-cp313-musllinux_1_2_aarch64.whl", hash = "sha256:fb460c8d0f49fd45cd984a0c4cf1bb780096fe854b2b7fbdf143ccd767bc8ed5", size = 5625963 },
    { url = "https://files.pythonhosted.org/packages/a3/ee/9d82ac8f573172d8a7f64b674c1632134328c08a33d44b4280d330f77fc7/selectolax-0.3.28-cp313-cp313-musllinux_1_2_i686.whl", hash = "sha256:f981e47d071c849a2c14f7e9f4e1cf38658384c4e81f9707532d6e73b5447d70", size = 5367166 },
    { url = "https://files.pythonhosted.org/packages/af/22/36339db5d459996ea8e2113e0b5c5334ec60953a179c00238aa32f030cbf/selectolax-0.3.28-cp313-cp313-musllinux_1_2_x86_64.whl", hash = "sha256:a1021b66b615789eb7946d55d5b56a32e0550fa2571edbe61b99ba04534880d0", size = 5717919 },
    { url = "https://files.pythonhosted.org/packages/6c/bb/438277c0410208b81dcb3fcbb8caf66fd6efffe49f0fc3c7ac454082d781/selectolax-0.3.28-cp313-cp313-win32.whl", hash = "sha256:f1af9dbd629bc5c2695fffaf72223287da9a9761c5227965a1c1c7927ca02e78", size = 1693914 },
    { url = "https://files.pythonhosted.org/packages/1d/9f/1005047b89009596b329f3a94e117823c8f27ebe8204bab46d5ad6340f68/selectolax-0.3.28-cp313-cp313-win_amd64.whl", hash = "sha256:f706e0c7a9cac0515d48f356a52c1ed6d7a7229d7ddfb76f9e5992c1ffab3dc7", size = 1800304 },
    { url = "https://files.pythonhosted.org/packages/a0/f8/4b0ca8a1d74a6d14c4ec7ba18f29f24792d669d7c130f28ac5d616de7d03/selectolax-0.3.28-cp38-cp38-macosx_10_9_universal2.whl", hash = "sha256:ba79c30ae3945249635552dca37655d133a6c0d0e46b15a8819647f30d24c0c5", size = 3638949 },
    { url = "https://files.pythonhosted.org/packages/3d/57/03c1259542f656cb1bc90f59360c65129129c7ad88e50ae07da179bb9c95/selectolax-0.3.28-cp38-cp38-macosx_10_9_x86_64.whl", hash = "sha256:341dfd37869d5f5c889ed9bc5b1f9b4f77d1f3425d9b014503ef23089ebfee5a", size = 2085085 },
    { url = "https://files.pythonhosted.org/packages/62/8a/df59d2d9b541c4a8ad5ec204dd6394af4de011ae4961f0a7eec05fbbfd71/selectolax-0.3.28-cp38-cp38-manylinux_2_17_aarch64.manylinux2014_aarch64.whl", hash = "sha256:b84b5f117565bdc677ca24cfdaf606c5959db0720fd68d01837c9223fa320f88", size = 5622738 },
    { url = "https://files.pythonhosted.org/packages/67/8d/425b3fce67e201f342e12893f079b557ebcced3b00e1b66c64e5c96ba779/selectolax-0.3.28-cp38-cp38-manylinux_2_17_x86_64.manylinux2014_x86_64.whl", hash = "sha256:c12f0aa8e83d4df010a0a2994b96d1b4846a08979feddd0bc84850ca2cd7dc98", size = 5643326 },
    { url = "https://files.pythonhosted.org/packages/e9/ce/a3ad1eb349a7540e64b6d9abd23b876564274a1f8153de998f85959a3cac/selectolax-0.3.28-cp38-cp38-manylinux_2_5_i686.manylinux1_i686.manylinux_2_17_i686.manylinux2014_i686.whl", hash = "sha256:d37c9dfcc7caa3c3fe22fb1352018d71b8e9687961b52444f0a1c33f859ba15e", size = 5255917 },
    { url = "https://files.pythonhosted.org/packages/48/10/79e52abbc4dec555cc6f68698f010c5b5ebab800a5f4486a5ddb28005b68/selectolax-0.3.28-cp38-cp38-musllinux_1_2_aarch64.whl", hash = "sha256:c9257160fea98cf3104ba0692ee8cedc3cd4fd76cdf07afd4490ef20f180a5be", size = 5536471 },
    { url = "https://files.pythonhosted.org/packages/fc/8f/cbda1121bc3bf4bc16b5fcdd724c39054b3adbf334f633329134ebeb1767/selectolax-0.3.28-cp38-cp38-musllinux_1_2_i686.whl", hash = "sha256:9c72ea018b8313e648414e46720826ef43dd4f4c061b28bfbb5a745cc4b4f8e8", size = 5273972 },
    { url = "https://files.pythonhosted.org/packages/d5/b1/a929fad823e17c78dda62e2054d7639f1480e64088f36e348450a563b77b/selectolax-0.3.28-cp38-cp38-musllinux_1_2_x86_64.whl", hash = "sha256:d060f49f68f8bf0ca558ed70f499dd34e75e4519d58772cc27552014c45ae0e2", size = 5609263 },
    { url = "https://files.pythonhosted.org/packages/3e/4d/a973904fac79061e296accad06cc60ce5adc2b05927517f43d5f0a1df550/selectolax-0.3.28-cp38-cp38-win32.whl", hash = "sha256:491b590cbd49e0dd2941ccaf1ebf271bc3cd1afed3aa2408f7ede46a7c5fd163", size = 1699790 },
    { url = "https://files.pythonhosted.org/packages/04/bd/febe92956be11a2417b4356a7737a11c4ccff36ef27d24a67a568dbc9f27/selectolax-0.3.28-cp38-cp38-win_amd64.whl", hash = "sha256:7e486623a9e8b1de58c8ee9278bc5e9568ce3c8ec12c0c7785db978938b15b2b", size = 1805473 },
    { url = "https://files.pythonhosted.org/packages/34/71/d1df588dcf6af52dee190f3cd7feb14798d9f7d2d886b807cdae8b1c8344/selectolax-0.3.28-cp39-cp39-macosx_10_9_universal2.whl", hash = "sha256:d86b58e39fcdc7aadee942005314622600244cad9cf97dd066587bb9ab74a6e4", size = 3637774 },
    { url = "https://files.pythonhosted.org/packages/86/d6/d15914a16e12cfcd5d318de5bebf6df87f744aada874d72465f2dbb2fe77/selectolax-0.3.28-cp39-cp39-macosx_10_9_x86_64.whl", hash = "sha256:6a6e0a8eaa276bcd0769c3ae8c4020523d43b3e36b43e3e0f22e450dd0fff017", size = 2084665 },
    { url = "https://files.pythonhosted.org/packages/8e/85/646e3ce85910ca0be08f4d84b645cf369373437aab75b9b5b059f5d1a1a6/selectolax-0.3.28-cp39-cp39-manylinux_2_17_aarch64.manylinux2014_aarch64.whl", hash = "sha256:f4a23e8b682f4cede04928f116b0ad73b32a81ac3d744e2297cc3808960d4876", size = 5491699 },
    { url = "https://files.pythonhosted.org/packages/e5/cd/c87c517bcb9768b05ea86946dc76f21a887b2bf7a92fbec34b406ff81432/selectolax-0.3.28-cp39-cp39-manylinux_2_17_x86_64.manylinux2014_x86_64.whl", hash = "sha256:27cae7ef6adddde8485f018f8c87c5852b074134d5342fde5e8e847bf82ff799", size = 5516478 },
    { url = "https://files.pythonhosted.org/packages/79/e7/570c95e7689f12933d2d22a77ea30c6ae3d1acefade7d3d18566ef0305cd/selectolax-0.3.28-cp39-cp39-manylinux_2_5_i686.manylinux1_i686.manylinux_2_17_i686.manylinux2014_i686.whl", hash = "sha256:999d9341793eece7cb1586b90f1ab81b364f632c71a1c5c7997533fa2508aa5f", size = 5138883 },
    { url = "https://files.pythonhosted.org/packages/ff/db/e225186c2f1080033aba15238e33e05b3307c83e7bf6664d6e50261a5aa6/selectolax-0.3.28-cp39-cp39-musllinux_1_2_aarch64.whl", hash = "sha256:3e2811fe6e3dee602f89d144adf0e385d7d470c2ca7164abe30f7669129cabb0", size = 5395017 },
    { url = "https://files.pythonhosted.org/packages/17/29/6c0021d6c8bc59eca76f852669fb6941c628bc39c2797840072712fffe12/selectolax-0.3.28-cp39-cp39-musllinux_1_2_i686.whl", hash = "sha256:c5ca32f9594254679ac95ea9320473c5b70ca6d961ee050b6f84d751c1fb0025", size = 5138758 },
    { url = "https://files.pythonhosted.org/packages/cc/5a/d20896f661658bae673c67553654630421aafa67b024c246f2e08d8a6d52/selectolax-0.3.28-cp39-cp39-musllinux_1_2_x86_64.whl", hash = "sha256:23793d437ce3902dcf02bea07dbd2cbda6ef5d663022264c25071a7dea6386de", size = 5466472 },
    { url = "https://files.pythonhosted.org/packages/a1/52/cb66ce9e052ba99286a422995b84a35fe98b089bb4c255f4720f28ba2ee5/selectolax-0.3.28-cp39-cp39-win32.whl", hash = "sha256:c8b33ff87562140a0e621bede9f8a2f036d9dfa698b5b246d70a261104a8c807", size = 1698303 },
    { url = "https://files.pythonhosted.org/packages/0d/f9/9a0b377f6ce92ba1a9bb0481908827358d2184440cd4a291205f8d4fb294/selectolax-0.3.28-cp39-cp39-win_amd64.whl", hash = "sha256:f3234575ed9a48ffa7fb04bd056fa445a6eb8fe40b7f26bd6b946c9065e5dda0", size = 1804300 },
]

[[package]]
name = "tomli"
version = "2.2.1"
source = { registry = "https://pypi.org/simple" }
sdist = { url = "https://files.pythonhosted.org/packages/18/87/302344fed471e44a87289cf4967697d07e532f2421fdaf868a303cbae4ff/tomli-2.2.1.tar.gz", hash = "sha256:cd45e1dc79c835ce60f7404ec8119f2eb06d38b1deba146f07ced3bbc44505ff", size = 17175 }
wheels = [
    { url = "https://files.pythonhosted.org/packages/43/ca/75707e6efa2b37c77dadb324ae7d9571cb424e61ea73fad7c56c2d14527f/tomli-2.2.1-cp311-cp311-macosx_10_9_x86_64.whl", hash = "sha256:678e4fa69e4575eb77d103de3df8a895e1591b48e740211bd1067378c69e8249", size = 131077 },
    { url = "https://files.pythonhosted.org/packages/c7/16/51ae563a8615d472fdbffc43a3f3d46588c264ac4f024f63f01283becfbb/tomli-2.2.1-cp311-cp311-macosx_11_0_arm64.whl", hash = "sha256:023aa114dd824ade0100497eb2318602af309e5a55595f76b626d6d9f3b7b0a6", size = 123429 },
    { url = "https://files.pythonhosted.org/packages/f1/dd/4f6cd1e7b160041db83c694abc78e100473c15d54620083dbd5aae7b990e/tomli-2.2.1-cp311-cp311-manylinux_2_17_aarch64.manylinux2014_aarch64.whl", hash = "sha256:ece47d672db52ac607a3d9599a9d48dcb2f2f735c6c2d1f34130085bb12b112a", size = 226067 },
    { url = "https://files.pythonhosted.org/packages/a9/6b/c54ede5dc70d648cc6361eaf429304b02f2871a345bbdd51e993d6cdf550/tomli-2.2.1-cp311-cp311-manylinux_2_17_x86_64.manylinux2014_x86_64.whl", hash = "sha256:6972ca9c9cc9f0acaa56a8ca1ff51e7af152a9f87fb64623e31d5c83700080ee", size = 236030 },
    { url = "https://files.pythonhosted.org/packages/1f/47/999514fa49cfaf7a92c805a86c3c43f4215621855d151b61c602abb38091/tomli-2.2.1-cp311-cp311-manylinux_2_5_i686.manylinux1_i686.manylinux_2_17_i686.manylinux2014_i686.whl", hash = "sha256:c954d2250168d28797dd4e3ac5cf812a406cd5a92674ee4c8f123c889786aa8e", size = 240898 },
    { url = "https://files.pythonhosted.org/packages/73/41/0a01279a7ae09ee1573b423318e7934674ce06eb33f50936655071d81a24/tomli-2.2.1-cp311-cp311-musllinux_1_2_aarch64.whl", hash = "sha256:8dd28b3e155b80f4d54beb40a441d366adcfe740969820caf156c019fb5c7ec4", size = 229894 },
    { url = "https://files.pythonhosted.org/packages/55/18/5d8bc5b0a0362311ce4d18830a5d28943667599a60d20118074ea1b01bb7/tomli-2.2.1-cp311-cp311-musllinux_1_2_i686.whl", hash = "sha256:e59e304978767a54663af13c07b3d1af22ddee3bb2fb0618ca1593e4f593a106", size = 245319 },
    { url = "https://files.pythonhosted.org/packages/92/a3/7ade0576d17f3cdf5ff44d61390d4b3febb8a9fc2b480c75c47ea048c646/tomli-2.2.1-cp311-cp311-musllinux_1_2_x86_64.whl", hash = "sha256:33580bccab0338d00994d7f16f4c4ec25b776af3ffaac1ed74e0b3fc95e885a8", size = 238273 },
    { url = "https://files.pythonhosted.org/packages/72/6f/fa64ef058ac1446a1e51110c375339b3ec6be245af9d14c87c4a6412dd32/tomli-2.2.1-cp311-cp311-win32.whl", hash = "sha256:465af0e0875402f1d226519c9904f37254b3045fc5084697cefb9bdde1ff99ff", size = 98310 },
    { url = "https://files.pythonhosted.org/packages/6a/1c/4a2dcde4a51b81be3530565e92eda625d94dafb46dbeb15069df4caffc34/tomli-2.2.1-cp311-cp311-win_amd64.whl", hash = "sha256:2d0f2fdd22b02c6d81637a3c95f8cd77f995846af7414c5c4b8d0545afa1bc4b", size = 108309 },
    { url = "https://files.pythonhosted.org/packages/52/e1/f8af4c2fcde17500422858155aeb0d7e93477a0d59a98e56cbfe75070fd0/tomli-2.2.1-cp312-cp312-macosx_10_13_x86_64.whl", hash = "sha256:4a8f6e44de52d5e6c657c9fe83b562f5f4256d8ebbfe4ff922c495620a7f6cea", size = 132762 },
    { url = "https://files.pythonhosted.org/packages/03/b8/152c68bb84fc00396b83e7bbddd5ec0bd3dd409db4195e2a9b3e398ad2e3/tomli-2.2.1-cp312-cp312-macosx_11_0_arm64.whl", hash = "sha256:8d57ca8095a641b8237d5b079147646153d22552f1c637fd3ba7f4b0b29167a8", size = 123453 },
    { url = "https://files.pythonhosted.org/packages/c8/d6/fc9267af9166f79ac528ff7e8c55c8181ded34eb4b0e93daa767b8841573/tomli-2.2.1-cp312-cp312-manylinux_2_17_aarch64.manylinux2014_aarch64.whl", hash = "sha256:4e340144ad7ae1533cb897d406382b4b6fede8890a03738ff1683af800d54192", size = 233486 },
    { url = "https://files.pythonhosted.org/packages/5c/51/51c3f2884d7bab89af25f678447ea7d297b53b5a3b5730a7cb2ef6069f07/tomli-2.2.1-cp312-cp312-manylinux_2_17_x86_64.manylinux2014_x86_64.whl", hash = "sha256:db2b95f9de79181805df90bedc5a5ab4c165e6ec3fe99f970d0e302f384ad222", size = 242349 },
    { url = "https://files.pythonhosted.org/packages/ab/df/bfa89627d13a5cc22402e441e8a931ef2108403db390ff3345c05253935e/tomli-2.2.1-cp312-cp312-manylinux_2_5_i686.manylinux1_i686.manylinux_2_17_i686.manylinux2014_i686.whl", hash = "sha256:40741994320b232529c802f8bc86da4e1aa9f413db394617b9a256ae0f9a7f77", size = 252159 },
    { url = "https://files.pythonhosted.org/packages/9e/6e/fa2b916dced65763a5168c6ccb91066f7639bdc88b48adda990db10c8c0b/tomli-2.2.1-cp312-cp312-musllinux_1_2_aarch64.whl", hash = "sha256:400e720fe168c0f8521520190686ef8ef033fb19fc493da09779e592861b78c6", size = 237243 },
    { url = "https://files.pythonhosted.org/packages/b4/04/885d3b1f650e1153cbb93a6a9782c58a972b94ea4483ae4ac5cedd5e4a09/tomli-2.2.1-cp312-cp312-musllinux_1_2_i686.whl", hash = "sha256:02abe224de6ae62c19f090f68da4e27b10af2b93213d36cf44e6e1c5abd19fdd", size = 259645 },
    { url = "https://files.pythonhosted.org/packages/9c/de/6b432d66e986e501586da298e28ebeefd3edc2c780f3ad73d22566034239/tomli-2.2.1-cp312-cp312-musllinux_1_2_x86_64.whl", hash = "sha256:b82ebccc8c8a36f2094e969560a1b836758481f3dc360ce9a3277c65f374285e", size = 244584 },
    { url = "https://files.pythonhosted.org/packages/1c/9a/47c0449b98e6e7d1be6cbac02f93dd79003234ddc4aaab6ba07a9a7482e2/tomli-2.2.1-cp312-cp312-win32.whl", hash = "sha256:889f80ef92701b9dbb224e49ec87c645ce5df3fa2cc548664eb8a25e03127a98", size = 98875 },
    { url = "https://files.pythonhosted.org/packages/ef/60/9b9638f081c6f1261e2688bd487625cd1e660d0a85bd469e91d8db969734/tomli-2.2.1-cp312-cp312-win_amd64.whl", hash = "sha256:7fc04e92e1d624a4a63c76474610238576942d6b8950a2d7f908a340494e67e4", size = 109418 },
    { url = "https://files.pythonhosted.org/packages/04/90/2ee5f2e0362cb8a0b6499dc44f4d7d48f8fff06d28ba46e6f1eaa61a1388/tomli-2.2.1-cp313-cp313-macosx_10_13_x86_64.whl", hash = "sha256:f4039b9cbc3048b2416cc57ab3bda989a6fcf9b36cf8937f01a6e731b64f80d7", size = 132708 },
    { url = "https://files.pythonhosted.org/packages/c0/ec/46b4108816de6b385141f082ba99e315501ccd0a2ea23db4a100dd3990ea/tomli-2.2.1-cp313-cp313-macosx_11_0_arm64.whl", hash = "sha256:286f0ca2ffeeb5b9bd4fcc8d6c330534323ec51b2f52da063b11c502da16f30c", size = 123582 },
    { url = "https://files.pythonhosted.org/packages/a0/bd/b470466d0137b37b68d24556c38a0cc819e8febe392d5b199dcd7f578365/tomli-2.2.1-cp313-cp313-manylinux_2_17_aarch64.manylinux2014_aarch64.whl", hash = "sha256:a92ef1a44547e894e2a17d24e7557a5e85a9e1d0048b0b5e7541f76c5032cb13", size = 232543 },
    { url = "https://files.pythonhosted.org/packages/d9/e5/82e80ff3b751373f7cead2815bcbe2d51c895b3c990686741a8e56ec42ab/tomli-2.2.1-cp313-cp313-manylinux_2_17_x86_64.manylinux2014_x86_64.whl", hash = "sha256:9316dc65bed1684c9a98ee68759ceaed29d229e985297003e494aa825ebb0281", size = 241691 },
    { url = "https://files.pythonhosted.org/packages/05/7e/2a110bc2713557d6a1bfb06af23dd01e7dde52b6ee7dadc589868f9abfac/tomli-2.2.1-cp313-cp313-manylinux_2_5_i686.manylinux1_i686.manylinux_2_17_i686.manylinux2014_i686.whl", hash = "sha256:e85e99945e688e32d5a35c1ff38ed0b3f41f43fad8df0bdf79f72b2ba7bc5272", size = 251170 },
    { url = "https://files.pythonhosted.org/packages/64/7b/22d713946efe00e0adbcdfd6d1aa119ae03fd0b60ebed51ebb3fa9f5a2e5/tomli-2.2.1-cp313-cp313-musllinux_1_2_aarch64.whl", hash = "sha256:ac065718db92ca818f8d6141b5f66369833d4a80a9d74435a268c52bdfa73140", size = 236530 },
    { url = "https://files.pythonhosted.org/packages/38/31/3a76f67da4b0cf37b742ca76beaf819dca0ebef26d78fc794a576e08accf/tomli-2.2.1-cp313-cp313-musllinux_1_2_i686.whl", hash = "sha256:d920f33822747519673ee656a4b6ac33e382eca9d331c87770faa3eef562aeb2", size = 258666 },
    { url = "https://files.pythonhosted.org/packages/07/10/5af1293da642aded87e8a988753945d0cf7e00a9452d3911dd3bb354c9e2/tomli-2.2.1-cp313-cp313-musllinux_1_2_x86_64.whl", hash = "sha256:a198f10c4d1b1375d7687bc25294306e551bf1abfa4eace6650070a5c1ae2744", size = 243954 },
    { url = "https://files.pythonhosted.org/packages/5b/b9/1ed31d167be802da0fc95020d04cd27b7d7065cc6fbefdd2f9186f60d7bd/tomli-2.2.1-cp313-cp313-win32.whl", hash = "sha256:d3f5614314d758649ab2ab3a62d4f2004c825922f9e370b29416484086b264ec", size = 98724 },
    { url = "https://files.pythonhosted.org/packages/c7/32/b0963458706accd9afcfeb867c0f9175a741bf7b19cd424230714d722198/tomli-2.2.1-cp313-cp313-win_amd64.whl", hash = "sha256:a38aa0308e754b0e3c67e344754dff64999ff9b513e691d0e786265c93583c69", size = 109383 },
    { url = "https://files.pythonhosted.org/packages/6e/c2/61d3e0f47e2b74ef40a68b9e6ad5984f6241a942f7cd3bbfbdbd03861ea9/tomli-2.2.1-py3-none-any.whl", hash = "sha256:cb55c73c5f4408779d0cf3eef9f762b9c9f147a77de7b258bef0a5628adc85cc", size = 14257 },
]

[[package]]
name = "unbrowsed"
version = "0.1.0a1"
source = { editable = "." }
dependencies = [
    { name = "selectolax" },
]

[package.optional-dependencies]
test = [
    { name = "pytest" },
]

[package.metadata]
requires-dist = [
    { name = "pytest", marker = "extra == 'test'", specifier = ">=7.0.0" },
    { name = "selectolax", specifier = ">=0.3.28" },
]
